Microsoft Visual Studio Solution File, Format Version 12.00
# Visual Studio Version 17
VisualStudioVersion = 17.5.2.0
MinimumVisualStudioVersion = 10.0.40219.1
Project("{FAE04EC0-301F-11D3-BF4B-00C04F79EFBC}") = ".net atv", ".net atv.csproj", "{A0228234-ED0B-1397-42C7-3EE4EB19F244}"
EndProject
Global
	GlobalSection(SolutionConfigurationPlatforms) = preSolution
		Debug|Any CPU = Debug|Any CPU
		Release|Any CPU = Release|Any CPU
	EndGlobalSection
	GlobalSection(ProjectConfigurationPlatforms) = postSolution
		{A0228234-ED0B-1397-42C7-3EE4EB19F244}.Debug|Any CPU.ActiveCfg = Debug|Any CPU
		{A0228234-ED0B-1397-42C7-3EE4EB19F244}.Debug|Any CPU.Build.0 = Debug|Any CPU
		{A0228234-ED0B-1397-42C7-3EE4EB19F244}.Release|Any CPU.ActiveCfg = Release|Any CPU
		{A0228234-ED0B-1397-42C7-3EE4EB19F244}.Release|Any CPU.Build.0 = Release|Any CPU
	EndGlobalSection
	GlobalSection(SolutionProperties) = preSolution
		HideSolutionNode = FALSE
	EndGlobalSection
	GlobalSection(ExtensibilityGlobals) = postSolution
		SolutionGuid = {922029BE-8270-4C89-A90D-EABD8CD4C77C}
	EndGlobalSection
EndGlobal
